
Microsoft Visual Studio Solution File, Format Version 12.00
# Visual Studio 15
VisualStudioVersion = 15.0.28010.2026
MinimumVisualStudioVersion = 10.0.40219.1
Project("{FAE04EC0-301F-11D3-BF4B-00C04F79EFBC}") = "Projeto.Android", "Projeto\Projeto.Android\Projeto.Android.csproj", "{267B0B65-2FF7-4FCF-8178-4C7165D1385F}"
EndProject
Project("{FAE04EC0-301F-11D3-BF4B-00C04F79EFBC}") = "Projeto.iOS", "Projeto\Projeto.iOS\Projeto.iOS.csproj", "{FD268D1E-6AC1-4C6F-8375-17106E012D41}"
EndProject
Project("{FAE04EC0-301F-11D3-BF4B-00C04F79EFBC}") = "Projeto.UWP", "Projeto\Projeto.UWP\Projeto.UWP.csproj", "{325F9267-CDE9-4521-B9F9-329B3C652310}"
EndProject
Project("{D954291E-2A0B-460D-934E-DC6B0785DB48}") = "Projeto", "Projeto\Projeto\Projeto.shproj", "{6B50AB45-E139-4ADF-BFE7-BF69A99A40A0}"
EndProject
Global
	GlobalSection(SharedMSBuildProjectFiles) = preSolution
		Projeto\Projeto\Projeto.projitems*{267b0b65-2ff7-4fcf-8178-4c7165d1385f}*SharedItemsImports = 4
		Projeto\Projeto\Projeto.projitems*{325f9267-cde9-4521-b9f9-329b3c652310}*SharedItemsImports = 4
		Projeto\Projeto\Projeto.projitems*{6b50ab45-e139-4adf-bfe7-bf69a99a40a0}*SharedItemsImports = 13
		Projeto\Projeto\Projeto.projitems*{fd268d1e-6ac1-4c6f-8375-17106e012d41}*SharedItemsImports = 4
	EndGlobalSection
	GlobalSection(SolutionConfigurationPlatforms) = preSolution
		Ad-Hoc|Any CPU = Ad-Hoc|Any CPU
		Ad-Hoc|ARM = Ad-Hoc|ARM
		Ad-Hoc|iPhone = Ad-Hoc|iPhone
		Ad-Hoc|iPhoneSimulator = Ad-Hoc|iPhoneSimulator
		Ad-Hoc|x64 = Ad-Hoc|x64
		Ad-Hoc|x86 = Ad-Hoc|x86
		AppStore|Any CPU = AppStore|Any CPU
		AppStore|ARM = AppStore|ARM
		AppStore|iPhone = AppStore|iPhone
		AppStore|iPhoneSimulator = AppStore|iPhoneSimulator
		AppStore|x64 = AppStore|x64
		AppStore|x86 = AppStore|x86
		Debug|Any CPU = Debug|Any CPU
		Debug|ARM = Debug|ARM
		Debug|iPhone = Debug|iPhone
		Debug|iPhoneSimulator = Debug|iPhoneSimulator
		Debug|x64 = Debug|x64
		Debug|x86 = Debug|x86
		Release|Any CPU = Release|Any CPU
		Release|ARM = Release|ARM
		Release|iPhone = Release|iPhone
		Release|iPhoneSimulator = Release|iPhoneSimulator
		Release|x64 = Release|x64
		Release|x86 = Release|x86
	EndGlobalSection
	GlobalSection(ProjectConfigurationPlatforms) = postSolution
		{267B0B65-2FF7-4FCF-8178-4C7165D1385F}.Ad-Hoc|Any CPU.ActiveCfg = Release|Any CPU
		{267B0B65-2FF7-4FCF-8178-4C7165D1385F}.Ad-Hoc|Any CPU.Build.0 = Release|Any CPU
		{267B0B65-2FF7-4FCF-8178-4C7165D1385F}.Ad-Hoc|Any CPU.Deploy.0 = Release|Any CPU
		{267B0B65-2FF7-4FCF-8178-4C7165D1385F}.Ad-Hoc|ARM.ActiveCfg = Release|Any CPU
		{267B0B65-2FF7-4FCF-8178-4C7165D1385F}.Ad-Hoc|ARM.Build.0 = Release|Any CPU
		{267B0B65-2FF7-4FCF-8178-4C7165D1385F}.Ad-Hoc|ARM.Deploy.0 = Release|Any CPU
		{267B0B65-2FF7-4FCF-8178-4C7165D1385F}.Ad-Hoc|iPhone.ActiveCfg = Release|Any CPU
		{267B0B65-2FF7-4FCF-8178-4C7165D1385F}.Ad-Hoc|iPhone.Build.0 = Release|Any CPU
		{267B0B65-2FF7-4FCF-8178-4C7165D1385F}.Ad-Hoc|iPhone.Deploy.0 = Release|Any CPU
		{267B0B65-2FF7-4FCF-8178-4C7165D1385F}.Ad-Hoc|iPhoneSimulator.ActiveCfg = Release|Any CPU
		{267B0B65-2FF7-4FCF-8178-4C7165D1385F}.Ad-Hoc|iPhoneSimulator.Build.0 = Release|Any CPU
		{267B0B65-2FF7-4FCF-8178-4C7165D1385F}.Ad-Hoc|iPhoneSimulator.Deploy.0 = Release|Any CPU
		{267B0B65-2FF7-4FCF-8178-4C7165D1385F}.Ad-Hoc|x64.ActiveCfg = Release|Any CPU
		{267B0B65-2FF7-4FCF-8178-4C7165D1385F}.Ad-Hoc|x64.Build.0 = Release|Any CPU
		{267B0B65-2FF7-4FCF-8178-4C7165D1385F}.Ad-Hoc|x64.Deploy.0 = Release|Any CPU
		{267B0B65-2FF7-4FCF-8178-4C7165D1385F}.Ad-Hoc|x86.ActiveCfg = Release|Any CPU
		{267B0B65-2FF7-4FCF-8178-4C7165D1385F}.Ad-Hoc|x86.Build.0 = Release|Any CPU
		{267B0B65-2FF7-4FCF-8178-4C7165D1385F}.Ad-Hoc|x86.Deploy.0 = Release|Any CPU
		{267B0B65-2FF7-4FCF-8178-4C7165D1385F}.AppStore|Any CPU.ActiveCfg = Release|Any CPU
		{267B0B65-2FF7-4FCF-8178-4C7165D1385F}.AppStore|Any CPU.Build.0 = Release|Any CPU
		{267B0B65-2FF7-4FCF-8178-4C7165D1385F}.AppStore|Any CPU.Deploy.0 = Release|Any CPU
		{267B0B65-2FF7-4FCF-8178-4C7165D1385F}.AppStore|ARM.ActiveCfg = Release|Any CPU
		{267B0B65-2FF7-4FCF-8178-4C7165D1385F}.AppStore|ARM.Build.0 = Release|Any CPU
		{267B0B65-2FF7-4FCF-8178-4C7165D1385F}.AppStore|ARM.Deploy.0 = Release|Any CPU
		{267B0B65-2FF7-4FCF-8178-4C7165D1385F}.AppStore|iPhone.ActiveCfg = Release|Any CPU
		{267B0B65-2FF7-4FCF-8178-4C7165D1385F}.AppStore|iPhone.Build.0 = Release|Any CPU
		{267B0B65-2FF7-4FCF-8178-4C7165D1385F}.AppStore|iPhone.Deploy.0 = Release|Any CPU
		{267B0B65-2FF7-4FCF-8178-4C7165D1385F}.AppStore|iPhoneSimulator.ActiveCfg = Release|Any CPU
		{267B0B65-2FF7-4FCF-8178-4C7165D1385F}.AppStore|iPhoneSimulator.Build.0 = Release|Any CPU
		{267B0B65-2FF7-4FCF-8178-4C7165D1385F}.AppStore|iPhoneSimulator.Deploy.0 = Release|Any CPU
		{267B0B65-2FF7-4FCF-8178-4C7165D1385F}.AppStore|x64.ActiveCfg = Release|Any CPU
		{267B0B65-2FF7-4FCF-8178-4C7165D1385F}.AppStore|x64.Build.0 = Release|Any CPU
		{267B0B65-2FF7-4FCF-8178-4C7165D1385F}.AppStore|x64.Deploy.0 = Release|Any CPU
		{267B0B65-2FF7-4FCF-8178-4C7165D1385F}.AppStore|x86.ActiveCfg = Release|Any CPU
		{267B0B65-2FF7-4FCF-8178-4C7165D1385F}.AppStore|x86.Build.0 = Release|Any CPU
		{267B0B65-2FF7-4FCF-8178-4C7165D1385F}.AppStore|x86.Deploy.0 = Release|Any CPU
		{267B0B65-2FF7-4FCF-8178-4C7165D1385F}.Debug|Any CPU.ActiveCfg = Debug|Any CPU
		{267B0B65-2FF7-4FCF-8178-4C7165D1385F}.Debug|Any CPU.Build.0 = Debug|Any CPU
		{267B0B65-2FF7-4FCF-8178-4C7165D1385F}.Debug|Any CPU.Deploy.0 = Debug|Any CPU
		{267B0B65-2FF7-4FCF-8178-4C7165D1385F}.Debug|ARM.ActiveCfg = Debug|Any CPU
		{267B0B65-2FF7-4FCF-8178-4C7165D1385F}.Debug|ARM.Build.0 = Debug|Any CPU
		{267B0B65-2FF7-4FCF-8178-4C7165D1385F}.Debug|ARM.Deploy.0 = Debug|Any CPU
		{267B0B65-2FF7-4FCF-8178-4C7165D1385F}.Debug|iPhone.ActiveCfg = Debug|Any CPU
		{267B0B65-2FF7-4FCF-8178-4C7165D1385F}.Debug|iPhone.Build.0 = Debug|Any CPU
		{267B0B65-2FF7-4FCF-8178-4C7165D1385F}.Debug|iPhone.Deploy.0 = Debug|Any CPU
		{267B0B65-2FF7-4FCF-8178-4C7165D1385F}.Debug|iPhoneSimulator.ActiveCfg = Debug|Any CPU
		{267B0B65-2FF7-4FCF-8178-4C7165D1385F}.Debug|iPhoneSimulator.Build.0 = Debug|Any CPU
		{267B0B65-2FF7-4FCF-8178-4C7165D1385F}.Debug|iPhoneSimulator.Deploy.0 = Debug|Any CPU
		{267B0B65-2FF7-4FCF-8178-4C7165D1385F}.Debug|x64.ActiveCfg = Debug|Any CPU
		{267B0B65-2FF7-4FCF-8178-4C7165D1385F}.Debug|x64.Build.0 = Debug|Any CPU
		{267B0B65-2FF7-4FCF-8178-4C7165D1385F}.Debug|x64.Deploy.0 = Debug|Any CPU
		{267B0B65-2FF7-4FCF-8178-4C7165D1385F}.Debug|x86.ActiveCfg = Debug|Any CPU
		{267B0B65-2FF7-4FCF-8178-4C7165D1385F}.Debug|x86.Build.0 = Debug|Any CPU
		{267B0B65-2FF7-4FCF-8178-4C7165D1385F}.Debug|x86.Deploy.0 = Debug|Any CPU
		{267B0B65-2FF7-4FCF-8178-4C7165D1385F}.Release|Any CPU.ActiveCfg = Release|Any CPU
		{267B0B65-2FF7-4FCF-8178-4C7165D1385F}.Release|Any CPU.Build.0 = Release|Any CPU
		{267B0B65-2FF7-4FCF-8178-4C7165D1385F}.Release|Any CPU.Deploy.0 = Release|Any CPU
		{267B0B65-2FF7-4FCF-8178-4C7165D1385F}.Release|ARM.ActiveCfg = Release|Any CPU
		{267B0B65-2FF7-4FCF-8178-4C7165D1385F}.Release|ARM.Build.0 = Release|Any CPU
		{267B0B65-2FF7-4FCF-8178-4C7165D1385F}.Release|ARM.Deploy.0 = Release|Any CPU
		{267B0B65-2FF7-4FCF-8178-4C7165D1385F}.Release|iPhone.ActiveCfg = Release|Any CPU
		{267B0B65-2FF7-4FCF-8178-4C7165D1385F}.Release|iPhone.Build.0 = Release|Any CPU
		{267B0B65-2FF7-4FCF-8178-4C7165D1385F}.Release|iPhone.Deploy.0 = Release|Any CPU
		{267B0B65-2FF7-4FCF-8178-4C7165D1385F}.Release|iPhoneSimulator.ActiveCfg = Release|Any CPU
		{267B0B65-2FF7-4FCF-8178-4C7165D1385F}.Release|iPhoneSimulator.Build.0 = Release|Any CPU
		{267B0B65-2FF7-4FCF-8178-4C7165D1385F}.Release|iPhoneSimulator.Deploy.0 = Release|Any CPU
		{267B0B65-2FF7-4FCF-8178-4C7165D1385F}.Release|x64.ActiveCfg = Release|Any CPU
		{267B0B65-2FF7-4FCF-8178-4C7165D1385F}.Release|x64.Build.0 = Release|Any CPU
		{267B0B65-2FF7-4FCF-8178-4C7165D1385F}.Release|x64.Deploy.0 = Release|Any CPU
		{267B0B65-2FF7-4FCF-8178-4C7165D1385F}.Release|x86.ActiveCfg = Release|Any CPU
		{267B0B65-2FF7-4FCF-8178-4C7165D1385F}.Release|x86.Build.0 = Release|Any CPU
		{267B0B65-2FF7-4FCF-8178-4C7165D1385F}.Release|x86.Deploy.0 = Release|Any CPU
		{FD268D1E-6AC1-4C6F-8375-17106E012D41}.Ad-Hoc|Any CPU.ActiveCfg = Ad-Hoc|iPhone
		{FD268D1E-6AC1-4C6F-8375-17106E012D41}.Ad-Hoc|Any CPU.Build.0 = Ad-Hoc|iPhone
		{FD268D1E-6AC1-4C6F-8375-17106E012D41}.Ad-Hoc|Any CPU.Deploy.0 = Ad-Hoc|iPhone
		{FD268D1E-6AC1-4C6F-8375-17106E012D41}.Ad-Hoc|ARM.ActiveCfg = Ad-Hoc|iPhone
		{FD268D1E-6AC1-4C6F-8375-17106E012D41}.Ad-Hoc|ARM.Build.0 = Ad-Hoc|iPhone
		{FD268D1E-6AC1-4C6F-8375-17106E012D41}.Ad-Hoc|ARM.Deploy.0 = Ad-Hoc|iPhone
		{FD268D1E-6AC1-4C6F-8375-17106E012D41}.Ad-Hoc|iPhone.ActiveCfg = Ad-Hoc|iPhone
		{FD268D1E-6AC1-4C6F-8375-17106E012D41}.Ad-Hoc|iPhone.Build.0 = Ad-Hoc|iPhone
		{FD268D1E-6AC1-4C6F-8375-17106E012D41}.Ad-Hoc|iPhone.Deploy.0 = Ad-Hoc|iPhone
		{FD268D1E-6AC1-4C6F-8375-17106E012D41}.Ad-Hoc|iPhoneSimulator.ActiveCfg = Ad-Hoc|iPhoneSimulator
		{FD268D1E-6AC1-4C6F-8375-17106E012D41}.Ad-Hoc|iPhoneSimulator.Build.0 = Ad-Hoc|iPhoneSimulator
		{FD268D1E-6AC1-4C6F-8375-17106E012D41}.Ad-Hoc|iPhoneSimulator.Deploy.0 = Ad-Hoc|iPhoneSimulator
		{FD268D1E-6AC1-4C6F-8375-17106E012D41}.Ad-Hoc|x64.ActiveCfg = Ad-Hoc|iPhone
		{FD268D1E-6AC1-4C6F-8375-17106E012D41}.Ad-Hoc|x64.Build.0 = Ad-Hoc|iPhone
		{FD268D1E-6AC1-4C6F-8375-17106E012D41}.Ad-Hoc|x64.Deploy.0 = Ad-Hoc|iPhone
		{FD268D1E-6AC1-4C6F-8375-17106E012D41}.Ad-Hoc|x86.ActiveCfg = Ad-Hoc|iPhone
		{FD268D1E-6AC1-4C6F-8375-17106E012D41}.Ad-Hoc|x86.Build.0 = Ad-Hoc|iPhone
		{FD268D1E-6AC1-4C6F-8375-17106E012D41}.Ad-Hoc|x86.Deploy.0 = Ad-Hoc|iPhone
		{FD268D1E-6AC1-4C6F-8375-17106E012D41}.AppStore|Any CPU.ActiveCfg = AppStore|iPhone
		{FD268D1E-6AC1-4C6F-8375-17106E012D41}.AppStore|Any CPU.Build.0 = AppStore|iPhone
		{FD268D1E-6AC1-4C6F-8375-17106E012D41}.AppStore|Any CPU.Deploy.0 = AppStore|iPhone
		{FD268D1E-6AC1-4C6F-8375-17106E012D41}.AppStore|ARM.ActiveCfg = AppStore|iPhone
		{FD268D1E-6AC1-4C6F-8375-17106E012D41}.AppStore|ARM.Build.0 = AppStore|iPhone
		{FD268D1E-6AC1-4C6F-8375-17106E012D41}.AppStore|ARM.Deploy.0 = AppStore|iPhone
		{FD268D1E-6AC1-4C6F-8375-17106E012D41}.AppStore|iPhone.ActiveCfg = AppStore|iPhone
		{FD268D1E-6AC1-4C6F-8375-17106E012D41}.AppStore|iPhone.Build.0 = AppStore|iPhone
		{FD268D1E-6AC1-4C6F-8375-17106E012D41}.AppStore|iPhone.Deploy.0 = AppStore|iPhone
		{FD268D1E-6AC1-4C6F-8375-17106E012D41}.AppStore|iPhoneSimulator.ActiveCfg = AppStore|iPhoneSimulator
		{FD268D1E-6AC1-4C6F-8375-17106E012D41}.AppStore|iPhoneSimulator.Build.0 = AppStore|iPhoneSimulator
		{FD268D1E-6AC1-4C6F-8375-17106E012D41}.AppStore|iPhoneSimulator.Deploy.0 = AppStore|iPhoneSimulator
		{FD268D1E-6AC1-4C6F-8375-17106E012D41}.AppStore|x64.ActiveCfg = AppStore|iPhone
		{FD268D1E-6AC1-4C6F-8375-17106E012D41}.AppStore|x64.Build.0 = AppStore|iPhone
		{FD268D1E-6AC1-4C6F-8375-17106E012D41}.AppStore|x64.Deploy.0 = AppStore|iPhone
		{FD268D1E-6AC1-4C6F-8375-17106E012D41}.AppStore|x86.ActiveCfg = AppStore|iPhone
		{FD268D1E-6AC1-4C6F-8375-17106E012D41}.AppStore|x86.Build.0 = AppStore|iPhone
		{FD268D1E-6AC1-4C6F-8375-17106E012D41}.AppStore|x86.Deploy.0 = AppStore|iPhone
		{FD268D1E-6AC1-4C6F-8375-17106E012D41}.Debug|Any CPU.ActiveCfg = Debug|iPhoneSimulator
		{FD268D1E-6AC1-4C6F-8375-17106E012D41}.Debug|Any CPU.Build.0 = Debug|iPhoneSimulator
		{FD268D1E-6AC1-4C6F-8375-17106E012D41}.Debug|Any CPU.Deploy.0 = Debug|iPhoneSimulator
		{FD268D1E-6AC1-4C6F-8375-17106E012D41}.Debug|ARM.ActiveCfg = Debug|iPhone
		{FD268D1E-6AC1-4C6F-8375-17106E012D41}.Debug|ARM.Build.0 = Debug|iPhone
		{FD268D1E-6AC1-4C6F-8375-17106E012D41}.Debug|ARM.Deploy.0 = Debug|iPhone
		{FD268D1E-6AC1-4C6F-8375-17106E012D41}.Debug|iPhone.ActiveCfg = Debug|iPhone
		{FD268D1E-6AC1-4C6F-8375-17106E012D41}.Debug|iPhone.Build.0 = Debug|iPhone
		{FD268D1E-6AC1-4C6F-8375-17106E012D41}.Debug|iPhone.Deploy.0 = Debug|iPhone
		{FD268D1E-6AC1-4C6F-8375-17106E012D41}.Debug|iPhoneSimulator.ActiveCfg = Debug|iPhoneSimulator
		{FD268D1E-6AC1-4C6F-8375-17106E012D41}.Debug|iPhoneSimulator.Build.0 = Debug|iPhoneSimulator
		{FD268D1E-6AC1-4C6F-8375-17106E012D41}.Debug|iPhoneSimulator.Deploy.0 = Debug|iPhoneSimulator
		{FD268D1E-6AC1-4C6F-8375-17106E012D41}.Debug|x64.ActiveCfg = Debug|iPhone
		{FD268D1E-6AC1-4C6F-8375-17106E012D41}.Debug|x64.Build.0 = Debug|iPhone
		{FD268D1E-6AC1-4C6F-8375-17106E012D41}.Debug|x64.Deploy.0 = Debug|iPhone
		{FD268D1E-6AC1-4C6F-8375-17106E012D41}.Debug|x86.ActiveCfg = Debug|iPhone
		{FD268D1E-6AC1-4C6F-8375-17106E012D41}.Debug|x86.Build.0 = Debug|iPhone
		{FD268D1E-6AC1-4C6F-8375-17106E012D41}.Debug|x86.Deploy.0 = Debug|iPhone
		{FD268D1E-6AC1-4C6F-8375-17106E012D41}.Release|Any CPU.ActiveCfg = Release|iPhone
		{FD268D1E-6AC1-4C6F-8375-17106E012D41}.Release|Any CPU.Build.0 = Release|iPhone
		{FD268D1E-6AC1-4C6F-8375-17106E012D41}.Release|Any CPU.Deploy.0 = Release|iPhone
		{FD268D1E-6AC1-4C6F-8375-17106E012D41}.Release|ARM.ActiveCfg = Release|iPhone
		{FD268D1E-6AC1-4C6F-8375-17106E012D41}.Release|ARM.Build.0 = Release|iPhone
		{FD268D1E-6AC1-4C6F-8375-17106E012D41}.Release|ARM.Deploy.0 = Release|iPhone
		{FD268D1E-6AC1-4C6F-8375-17106E012D41}.Release|iPhone.ActiveCfg = Release|iPhone
		{FD268D1E-6AC1-4C6F-8375-17106E012D41}.Release|iPhone.Build.0 = Release|iPhone
		{FD268D1E-6AC1-4C6F-8375-17106E012D41}.Release|iPhone.Deploy.0 = Release|iPhone
		{FD268D1E-6AC1-4C6F-8375-17106E012D41}.Release|iPhoneSimulator.ActiveCfg = Release|iPhoneSimulator
		{FD268D1E-6AC1-4C6F-8375-17106E012D41}.Release|iPhoneSimulator.Build.0 = Release|iPhoneSimulator
		{FD268D1E-6AC1-4C6F-8375-17106E012D41}.Release|iPhoneSimulator.Deploy.0 = Release|iPhoneSimulator
		{FD268D1E-6AC1-4C6F-8375-17106E012D41}.Release|x64.ActiveCfg = Release|iPhone
		{FD268D1E-6AC1-4C6F-8375-17106E012D41}.Release|x64.Build.0 = Release|iPhone
		{FD268D1E-6AC1-4C6F-8375-17106E012D41}.Release|x64.Deploy.0 = Release|iPhone
		{FD268D1E-6AC1-4C6F-8375-17106E012D41}.Release|x86.ActiveCfg = Release|iPhone
		{FD268D1E-6AC1-4C6F-8375-17106E012D41}.Release|x86.Build.0 = Release|iPhone
		{FD268D1E-6AC1-4C6F-8375-17106E012D41}.Release|x86.Deploy.0 = Release|iPhone
		{325F9267-CDE9-4521-B9F9-329B3C652310}.Ad-Hoc|Any CPU.ActiveCfg = Release|x86
		{325F9267-CDE9-4521-B9F9-329B3C652310}.Ad-Hoc|Any CPU.Build.0 = Release|x86
		{325F9267-CDE9-4521-B9F9-329B3C652310}.Ad-Hoc|Any CPU.Deploy.0 = Release|x86
		{325F9267-CDE9-4521-B9F9-329B3C652310}.Ad-Hoc|ARM.ActiveCfg = Release|ARM
		{325F9267-CDE9-4521-B9F9-329B3C652310}.Ad-Hoc|ARM.Build.0 = Release|ARM
		{325F9267-CDE9-4521-B9F9-329B3C652310}.Ad-Hoc|ARM.Deploy.0 = Release|ARM
		{325F9267-CDE9-4521-B9F9-329B3C652310}.Ad-Hoc|iPhone.ActiveCfg = Release|x86
		{325F9267-CDE9-4521-B9F9-329B3C652310}.Ad-Hoc|iPhone.Build.0 = Release|x86
		{325F9267-CDE9-4521-B9F9-329B3C652310}.Ad-Hoc|iPhone.Deploy.0 = Release|x86
		{325F9267-CDE9-4521-B9F9-329B3C652310}.Ad-Hoc|iPhoneSimulator.ActiveCfg = Release|x86
		{325F9267-CDE9-4521-B9F9-329B3C652310}.Ad-Hoc|iPhoneSimulator.Build.0 = Release|x86
		{325F9267-CDE9-4521-B9F9-329B3C652310}.Ad-Hoc|iPhoneSimulator.Deploy.0 = Release|x86
		{325F9267-CDE9-4521-B9F9-329B3C652310}.Ad-Hoc|x64.ActiveCfg = Release|x64
		{325F9267-CDE9-4521-B9F9-329B3C652310}.Ad-Hoc|x64.Build.0 = Release|x64
		{325F9267-CDE9-4521-B9F9-329B3C652310}.Ad-Hoc|x64.Deploy.0 = Release|x64
		{325F9267-CDE9-4521-B9F9-329B3C652310}.Ad-Hoc|x86.ActiveCfg = Release|x86
		{325F9267-CDE9-4521-B9F9-329B3C652310}.Ad-Hoc|x86.Build.0 = Release|x86
		{325F9267-CDE9-4521-B9F9-329B3C652310}.Ad-Hoc|x86.Deploy.0 = Release|x86
		{325F9267-CDE9-4521-B9F9-329B3C652310}.AppStore|Any CPU.ActiveCfg = Release|x86
		{325F9267-CDE9-4521-B9F9-329B3C652310}.AppStore|Any CPU.Build.0 = Release|x86
		{325F9267-CDE9-4521-B9F9-329B3C652310}.AppStore|Any CPU.Deploy.0 = Release|x86
		{325F9267-CDE9-4521-B9F9-329B3C652310}.AppStore|ARM.ActiveCfg = Release|ARM
		{325F9267-CDE9-4521-B9F9-329B3C652310}.AppStore|ARM.Build.0 = Release|ARM
		{325F9267-CDE9-4521-B9F9-329B3C652310}.AppStore|ARM.Deploy.0 = Release|ARM
		{325F9267-CDE9-4521-B9F9-329B3C652310}.AppStore|iPhone.ActiveCfg = Release|x86
		{325F9267-CDE9-4521-B9F9-329B3C652310}.AppStore|iPhone.Build.0 = Release|x86
		{325F9267-CDE9-4521-B9F9-329B3C652310}.AppStore|iPhone.Deploy.0 = Release|x86
		{325F9267-CDE9-4521-B9F9-329B3C652310}.AppStore|iPhoneSimulator.ActiveCfg = Release|x86
		{325F9267-CDE9-4521-B9F9-329B3C652310}.AppStore|iPhoneSimulator.Build.0 = Release|x86
		{325F9267-CDE9-4521-B9F9-329B3C652310}.AppStore|iPhoneSimulator.Deploy.0 = Release|x86
		{325F9267-CDE9-4521-B9F9-329B3C652310}.AppStore|x64.ActiveCfg = Release|x64
		{325F9267-CDE9-4521-B9F9-329B3C652310}.AppStore|x64.Build.0 = Release|x64
		{325F9267-CDE9-4521-B9F9-329B3C652310}.AppStore|x64.Deploy.0 = Release|x64
		{325F9267-CDE9-4521-B9F9-329B3C652310}.AppStore|x86.ActiveCfg = Release|x86
		{325F9267-CDE9-4521-B9F9-329B3C652310}.AppStore|x86.Build.0 = Release|x86
		{325F9267-CDE9-4521-B9F9-329B3C652310}.AppStore|x86.Deploy.0 = Release|x86
		{325F9267-CDE9-4521-B9F9-329B3C652310}.Debug|Any CPU.ActiveCfg = Debug|x86
		{325F9267-CDE9-4521-B9F9-329B3C652310}.Debug|Any CPU.Build.0 = Debug|x86
		{325F9267-CDE9-4521-B9F9-329B3C652310}.Debug|Any CPU.Deploy.0 = Debug|x86
		{325F9267-CDE9-4521-B9F9-329B3C652310}.Debug|ARM.ActiveCfg = Debug|ARM
		{325F9267-CDE9-4521-B9F9-329B3C652310}.Debug|ARM.Build.0 = Debug|ARM
		{325F9267-CDE9-4521-B9F9-329B3C652310}.Debug|ARM.Deploy.0 = Debug|ARM
		{325F9267-CDE9-4521-B9F9-329B3C652310}.Debug|iPhone.ActiveCfg = Debug|x86
		{325F9267-CDE9-4521-B9F9-329B3C652310}.Debug|iPhone.Build.0 = Debug|x86
		{325F9267-CDE9-4521-B9F9-329B3C652310}.Debug|iPhone.Deploy.0 = Debug|x86
		{325F9267-CDE9-4521-B9F9-329B3C652310}.Debug|iPhoneSimulator.ActiveCfg = Debug|x86
		{325F9267-CDE9-4521-B9F9-329B3C652310}.Debug|iPhoneSimulator.Build.0 = Debug|x86
		{325F9267-CDE9-4521-B9F9-329B3C652310}.Debug|iPhoneSimulator.Deploy.0 = Debug|x86
		{325F9267-CDE9-4521-B9F9-329B3C652310}.Debug|x64.ActiveCfg = Debug|x64
		{325F9267-CDE9-4521-B9F9-329B3C652310}.Debug|x64.Build.0 = Debug|x64
		{325F9267-CDE9-4521-B9F9-329B3C652310}.Debug|x64.Deploy.0 = Debug|x64
		{325F9267-CDE9-4521-B9F9-329B3C652310}.Debug|x86.ActiveCfg = Debug|x86
		{325F9267-CDE9-4521-B9F9-329B3C652310}.Debug|x86.Build.0 = Debug|x86
		{325F9267-CDE9-4521-B9F9-329B3C652310}.Debug|x86.Deploy.0 = Debug|x86
		{325F9267-CDE9-4521-B9F9-329B3C652310}.Release|Any CPU.ActiveCfg = Release|x86
		{325F9267-CDE9-4521-B9F9-329B3C652310}.Release|Any CPU.Build.0 = Release|x86
		{325F9267-CDE9-4521-B9F9-329B3C652310}.Release|Any CPU.Deploy.0 = Release|x86
		{325F9267-CDE9-4521-B9F9-329B3C652310}.Release|ARM.ActiveCfg = Release|ARM
		{325F9267-CDE9-4521-B9F9-329B3C652310}.Release|ARM.Build.0 = Release|ARM
		{325F9267-CDE9-4521-B9F9-329B3C652310}.Release|ARM.Deploy.0 = Release|ARM
		{325F9267-CDE9-4521-B9F9-329B3C652310}.Release|iPhone.ActiveCfg = Release|x86
		{325F9267-CDE9-4521-B9F9-329B3C652310}.Release|iPhone.Build.0 = Release|x86
		{325F9267-CDE9-4521-B9F9-329B3C652310}.Release|iPhone.Deploy.0 = Release|x86
		{325F9267-CDE9-4521-B9F9-329B3C652310}.Release|iPhoneSimulator.ActiveCfg = Release|x86
		{325F9267-CDE9-4521-B9F9-329B3C652310}.Release|iPhoneSimulator.Build.0 = Release|x86
		{325F9267-CDE9-4521-B9F9-329B3C652310}.Release|iPhoneSimulator.Deploy.0 = Release|x86
		{325F9267-CDE9-4521-B9F9-329B3C652310}.Release|x64.ActiveCfg = Release|x64
		{325F9267-CDE9-4521-B9F9-329B3C652310}.Release|x64.Build.0 = Release|x64
		{325F9267-CDE9-4521-B9F9-329B3C652310}.Release|x64.Deploy.0 = Release|x64
		{325F9267-CDE9-4521-B9F9-329B3C652310}.Release|x86.ActiveCfg = Release|x86
		{325F9267-CDE9-4521-B9F9-329B3C652310}.Release|x86.Build.0 = Release|x86
		{325F9267-CDE9-4521-B9F9-329B3C652310}.Release|x86.Deploy.0 = Release|x86
	EndGlobalSection
	GlobalSection(SolutionProperties) = preSolution
		HideSolutionNode = FALSE
	EndGlobalSection
	GlobalSection(ExtensibilityGlobals) = postSolution
		SolutionGuid = {A58E797D-7701-471B-95F7-1574899B1740}
	EndGlobalSection
EndGlobal
